// !$*UTF8*$!
{
	archiveVersion = 1;
	classes = {
	};
	objectVersion = 51;
	objects = {

/* Begin PBXBuildFile section */
		2E35457F113B006FDB1A9185 /* Pods_JsonPratice.framework in Frameworks */ = {isa = PBXBuildFile; fileRef = 078DF5EFA50C83670A937B34 /* Pods_JsonPratice.framework */; };
		89D7556325B48646006E2900 /* EmailViewController.swift in Sources */ = {isa = PBXBuildFile; fileRef = 89D7556225B48646006E2900 /* EmailViewController.swift */; };
		89E2DE4625A75A970072E81A /* AppDelegate.swift in Sources */ = {isa = PBXBuildFile; fileRef = 89E2DE4525A75A970072E81A /* AppDelegate.swift */; };
		89E2DE4A25A75A970072E81A /* JsonViewController.swift in Sources */ = {isa = PBXBuildFile; fileRef = 89E2DE4925A75A970072E81A /* JsonViewController.swift */; };
		89E2DE4F25A75A9B0072E81A /* Assets.xcassets in Resources */ = {isa = PBXBuildFile; fileRef = 89E2DE4E25A75A9B0072E81A /* Assets.xcassets */; };
		89E2DE5225A75A9B0072E81A /* LaunchScreen.storyboard in Resources */ = {isa = PBXBuildFile; fileRef = 89E2DE5025A75A9B0072E81A /* LaunchScreen.storyboard */; };
		89E2DE5D25A75A9C0072E81A /* JsonPraticeTests.swift in Sources */ = {isa = PBXBuildFile; fileRef = 89E2DE5C25A75A9C0072E81A /* JsonPraticeTests.swift */; };
		89E2DE6825A75A9C0072E81A /* JsonPraticeUITests.swift in Sources */ = {isa = PBXBuildFile; fileRef = 89E2DE6725A75A9C0072E81A /* JsonPraticeUITests.swift */; };
		89E4A8CC25AF3DB6005BA523 /* GoogleService-Info.plist in Resources */ = {isa = PBXBuildFile; fileRef = 89E4A8CB25AF3DB6005BA523 /* GoogleService-Info.plist */; };
		89E4A8E725AF48A6005BA523 /* Model.swift in Sources */ = {isa = PBXBuildFile; fileRef = 89E4A8E625AF48A6005BA523 /* Model.swift */; };
/* End PBXBuildFile section */

/* Begin PBXContainerItemProxy section */
		89E2DE5925A75A9C0072E81A /* PBXContainerItemProxy */ = {
			isa = PBXContainerItemProxy;
			containerPortal = 89E2DE3A25A75A970072E81A /* Project object */;
			proxyType = 1;
			remoteGlobalIDString = 89E2DE4125A75A970072E81A;
			remoteInfo = JsonPratice;
		};
		89E2DE6425A75A9C0072E81A /* PBXContainerItemProxy */ = {
			isa = PBXContainerItemProxy;
			containerPortal = 89E2DE3A25A75A970072E81A /* Project object */;
			proxyType = 1;
			remoteGlobalIDString = 89E2DE4125A75A970072E81A;
			remoteInfo = JsonPratice;
		};
/* End PBXContainerItemProxy section */

/* Begin PBXFileReference section */
		078DF5EFA50C83670A937B34 /* Pods_JsonPratice.framework */ = {isa = PBXFileReference; explicitFileType = wrapper.framework; includeInIndex = 0; path = Pods_JsonPratice.framework; sourceTree = BUILT_PRODUCTS_DIR; };
		2508216796DF6C50BF13AEE1 /* Pods-JsonPratice.release.xcconfig */ = {isa = PBXFileReference; includeInIndex = 1; lastKnownFileType = text.xcconfig; name = "Pods-JsonPratice.release.xcconfig"; path = "Target Support Files/Pods-JsonPratice/Pods-JsonPratice.release.xcconfig"; sourceTree = "<group>"; };
		89D7556225B48646006E2900 /* EmailViewController.swift */ = {isa = PBXFileReference; lastKnownFileType = sourcecode.swift; path = EmailViewController.swift; sourceTree = "<group>"; };
		89E2DE4225A75A970072E81A /* JsonPratice.app */ = {isa = PBXFileReference; explicitFileType = wrapper.application; includeInIndex = 0; path = JsonPratice.app; sourceTree = BUILT_PRODUCTS_DIR; };
		89E2DE4525A75A970072E81A /* AppDelegate.swift */ = {isa = PBXFileReference; lastKnownFileType = sourcecode.swift; path = AppDelegate.swift; sourceTree = "<group>"; };
		89E2DE4925A75A970072E81A /* JsonViewController.swift */ = {isa = PBXFileReference; lastKnownFileType = sourcecode.swift; path = JsonViewController.swift; sourceTree = "<group>"; };
		89E2DE4E25A75A9B0072E81A /* Assets.xcassets */ = {isa = PBXFileReference; lastKnownFileType = folder.assetcatalog; path = Assets.xcassets; sourceTree = "<group>"; };
		89E2DE5125A75A9B0072E81A /* Base */ = {isa = PBXFileReference; lastKnownFileType = file.storyboard; name = Base; path = Base.lproj/LaunchScreen.storyboard; sourceTree = "<group>"; };
		89E2DE5325A75A9B0072E81A /* Info.plist */ = {isa = PBXFileReference; lastKnownFileType = text.plist.xml; path = Info.plist; sourceTree = "<group>"; };
		89E2DE5825A75A9C0072E81A /* JsonPraticeTests.xctest */ = {isa = PBXFileReference; explicitFileType = wrapper.cfbundle; includeInIndex = 0; path = JsonPraticeTests.xctest; sourceTree = BUILT_PRODUCTS_DIR; };
		89E2DE5C25A75A9C0072E81A /* JsonPraticeTests.swift */ = {isa = PBXFileReference; lastKnownFileType = sourcecode.swift; path = JsonPraticeTests.swift; sourceTree = "<group>"; };
		89E2DE5E25A75A9C0072E81A /* Info.plist */ = {isa = PBXFileReference; lastKnownFileType = text.plist.xml; path = Info.plist; sourceTree = "<group>"; };
		89E2DE6325A75A9C0072E81A /* JsonPraticeUITests.xctest */ = {isa = PBXFileReference; explicitFileType = wrapper.cfbundle; includeInIndex = 0; path = JsonPraticeUITests.xctest; sourceTree = BUILT_PRODUCTS_DIR; };
		89E2DE6725A75A9C0072E81A /* JsonPraticeUITests.swift */ = {isa = PBXFileReference; lastKnownFileType = sourcecode.swift; path = JsonPraticeUITests.swift; sourceTree = "<group>"; };
		89E2DE6925A75A9C0072E81A /* Info.plist */ = {isa = PBXFileReference; lastKnownFileType = text.plist.xml; path = Info.plist; sourceTree = "<group>"; };
		89E4A8CB25AF3DB6005BA523 /* GoogleService-Info.plist */ = {isa = PBXFileReference; fileEncoding = 4; lastKnownFileType = text.plist.xml; path = "GoogleService-Info.plist"; sourceTree = "<group>"; };
		89E4A8E625AF48A6005BA523 /* Model.swift */ = {isa = PBXFileReference; lastKnownFileType = sourcecode.swift; path = Model.swift; sourceTree = "<group>"; };
		A20234A9CDD4A436AD408B82 /* Pods-JsonPratice.debug.xcconfig */ = {isa = PBXFileReference; includeInIndex = 1; lastKnownFileType = text.xcconfig; name = "Pods-JsonPratice.debug.xcconfig"; path = "Target Support Files/Pods-JsonPratice/Pods-JsonPratice.debug.xcconfig"; sourceTree = "<group>"; };
/* End PBXFileReference section */

/* Begin PBXFrameworksBuildPhase section */
		89E2DE3F25A75A970072E81A /* Frameworks */ = {
			isa = PBXFrameworksBuildPhase;
			buildActionMask = 2147483647;
			files = (
				2E35457F113B006FDB1A9185 /* Pods_JsonPratice.framework in Frameworks */,
			);
			runOnlyForDeploymentPostprocessing = 0;
		};
		89E2DE5525A75A9C0072E81A /* Frameworks */ = {
			isa = PBXFrameworksBuildPhase;
			buildActionMask = 2147483647;
			files = (
			);
			runOnlyForDeploymentPostprocessing = 0;
		};
		89E2DE6025A75A9C0072E81A /* Frameworks */ = {
			isa = PBXFrameworksBuildPhase;
			buildActionMask = 2147483647;
			files = (
			);
			runOnlyForDeploymentPostprocessing = 0;
		};
/* End PBXFrameworksBuildPhase section */

/* Begin PBXGroup section */
		595BBCD0579C85E41DD30E7E /* Pods */ = {
			isa = PBXGroup;
			children = (
				A20234A9CDD4A436AD408B82 /* Pods-JsonPratice.debug.xcconfig */,
				2508216796DF6C50BF13AEE1 /* Pods-JsonPratice.release.xcconfig */,
			);
			path = Pods;
			sourceTree = "<group>";
		};
		76D507A34F505DE8BD98D219 /* Frameworks */ = {
			isa = PBXGroup;
			children = (
				078DF5EFA50C83670A937B34 /* Pods_JsonPratice.framework */,
			);
			name = Frameworks;
			sourceTree = "<group>";
		};
		89E2DE3925A75A970072E81A = {
			isa = PBXGroup;
			children = (
				89E2DE4425A75A970072E81A /* JsonPratice */,
				89E2DE5B25A75A9C0072E81A /* JsonPraticeTests */,
				89E2DE6625A75A9C0072E81A /* JsonPraticeUITests */,
				89E2DE4325A75A970072E81A /* Products */,
				595BBCD0579C85E41DD30E7E /* Pods */,
				76D507A34F505DE8BD98D219 /* Frameworks */,
			);
			sourceTree = "<group>";
		};
		89E2DE4325A75A970072E81A /* Products */ = {
			isa = PBXGroup;
			children = (
				89E2DE4225A75A970072E81A /* JsonPratice.app */,
				89E2DE5825A75A9C0072E81A /* JsonPraticeTests.xctest */,
				89E2DE6325A75A9C0072E81A /* JsonPraticeUITests.xctest */,
			);
			name = Products;
			sourceTree = "<group>";
		};
		89E2DE4425A75A970072E81A /* JsonPratice */ = {
			isa = PBXGroup;
			children = (
				89E2DE4525A75A970072E81A /* AppDelegate.swift */,
				89E2DE4925A75A970072E81A /* JsonViewController.swift */,
				89D7556225B48646006E2900 /* EmailViewController.swift */,
				89E4A8E625AF48A6005BA523 /* Model.swift */,
				89E2DE4E25A75A9B0072E81A /* Assets.xcassets */,
				89E2DE5025A75A9B0072E81A /* LaunchScreen.storyboard */,
				89E2DE5325A75A9B0072E81A /* Info.plist */,
				89E4A8CB25AF3DB6005BA523 /* GoogleService-Info.plist */,
			);
			path = JsonPratice;
			sourceTree = "<group>";
		};
		89E2DE5B25A75A9C0072E81A /* JsonPraticeTests */ = {
			isa = PBXGroup;
			children = (
				89E2DE5C25A75A9C0072E81A /* JsonPraticeTests.swift */,
				89E2DE5E25A75A9C0072E81A /* Info.plist */,
			);
			path = JsonPraticeTests;
			sourceTree = "<group>";
		};
		89E2DE6625A75A9C0072E81A /* JsonPraticeUITests */ = {
			isa = PBXGroup;
			children = (
				89E2DE6725A75A9C0072E81A /* JsonPraticeUITests.swift */,
				89E2DE6925A75A9C0072E81A /* Info.plist */,
			);
			path = JsonPraticeUITests;
			sourceTree = "<group>";
		};
/* End PBXGroup section */

/* Begin PBXNativeTarget section */
		89E2DE4125A75A970072E81A /* JsonPratice */ = {
			isa = PBXNativeTarget;
			buildConfigurationList = 89E2DE6C25A75A9C0072E81A /* Build configuration list for PBXNativeTarget "JsonPratice" */;
			buildPhases = (
				D2A9FC310B2A5A39ADD27C74 /* [CP] Check Pods Manifest.lock */,
				89E2DE3E25A75A970072E81A /* Sources */,
				89E2DE3F25A75A970072E81A /* Frameworks */,
				89E2DE4025A75A970072E81A /* Resources */,
				5AB38DFA7C210033A9C41B95 /* [CP] Embed Pods Frameworks */,
			);
			buildRules = (
			);
			dependencies = (
			);
			name = JsonPratice;
			productName = JsonPratice;
			productReference = 89E2DE4225A75A970072E81A /* JsonPratice.app */;
			productType = "com.apple.product-type.application";
		};
		89E2DE5725A75A9C0072E81A /* JsonPraticeTests */ = {
			isa = PBXNativeTarget;
			buildConfigurationList = 89E2DE6F25A75A9C0072E81A /* Build configuration list for PBXNativeTarget "JsonPraticeTests" */;
			buildPhases = (
				89E2DE5425A75A9C0072E81A /* Sources */,
				89E2DE5525A75A9C0072E81A /* Frameworks */,
				89E2DE5625A75A9C0072E81A /* Resources */,
			);
			buildRules = (
			);
			dependencies = (
				89E2DE5A25A75A9C0072E81A /* PBXTargetDependency */,
			);
			name = JsonPraticeTests;
			productName = JsonPraticeTests;
			productReference = 89E2DE5825A75A9C0072E81A /* JsonPraticeTests.xctest */;
			productType = "com.apple.product-type.bundle.unit-test";
		};
		89E2DE6225A75A9C0072E81A /* JsonPraticeUITests */ = {
			isa = PBXNativeTarget;
			buildConfigurationList = 89E2DE7225A75A9C0072E81A /* Build configuration list for PBXNativeTarget "JsonPraticeUITests" */;
			buildPhases = (
				89E2DE5F25A75A9C0072E81A /* Sources */,
				89E2DE6025A75A9C0072E81A /* Frameworks */,
				89E2DE6125A75A9C0072E81A /* Resources */,
			);
			buildRules = (
			);
			dependencies = (
				89E2DE6525A75A9C0072E81A /* PBXTargetDependency */,
			);
			name = JsonPraticeUITests;
			productName = JsonPraticeUITests;
			productReference = 89E2DE6325A75A9C0072E81A /* JsonPraticeUITests.xctest */;
			productType = "com.apple.product-type.bundle.ui-testing";
		};
/* End PBXNativeTarget section */

/* Begin PBXProject section */
		89E2DE3A25A75A970072E81A /* Project object */ = {
			isa = PBXProject;
			attributes = {
				LastSwiftUpdateCheck = 1230;
				LastUpgradeCheck = 1230;
				TargetAttributes = {
					89E2DE4125A75A970072E81A = {
						CreatedOnToolsVersion = 12.3;
					};
					89E2DE5725A75A9C0072E81A = {
						CreatedOnToolsVersion = 12.3;
						TestTargetID = 89E2DE4125A75A970072E81A;
					};
					89E2DE6225A75A9C0072E81A = {
						CreatedOnToolsVersion = 12.3;
						TestTargetID = 89E2DE4125A75A970072E81A;
					};
				};
			};
			buildConfigurationList = 89E2DE3D25A75A970072E81A /* Build configuration list for PBXProject "JsonPratice" */;
			compatibilityVersion = "Xcode 9.3";
			developmentRegion = en;
			hasScannedForEncodings = 0;
			knownRegions = (
				en,
				Base,
			);
			mainGroup = 89E2DE3925A75A970072E81A;
			productRefGroup = 89E2DE4325A75A970072E81A /* Products */;
			projectDirPath = "";
			projectRoot = "";
			targets = (
				89E2DE4125A75A970072E81A /* JsonPratice */,
				89E2DE5725A75A9C0072E81A /* JsonPraticeTests */,
				89E2DE6225A75A9C0072E81A /* JsonPraticeUITests */,
			);
		};
/* End PBXProject section */

/* Begin PBXResourcesBuildPhase section */
		89E2DE4025A75A970072E81A /* Resources */ = {
			isa = PBXResourcesBuildPhase;
			buildActionMask = 2147483647;
			files = (
				89E2DE5225A75A9B0072E81A /* LaunchScreen.storyboard in Resources */,
				89E2DE4F25A75A9B0072E81A /* Assets.xcassets in Resources */,
				89E4A8CC25AF3DB6005BA523 /* GoogleService-Info.plist in Resources */,
			);
			runOnlyForDeploymentPostprocessing = 0;
		};
		89E2DE5625A75A9C0072E81A /* Resources */ = {
			isa = PBXResourcesBuildPhase;
			buildActionMask = 2147483647;
			files = (
			);
			runOnlyForDeploymentPostprocessing = 0;
		};
		89E2DE6125A75A9C0072E81A /* Resources */ = {
			isa = PBXResourcesBuildPhase;
			buildActionMask = 2147483647;
			files = (
			);
			runOnlyForDeploymentPostprocessing = 0;
		};
/* End PBXResourcesBuildPhase section */

/* Begin PBXShellScriptBuildPhase section */
		5AB38DFA7C210033A9C41B95 /* [CP] Embed Pods Frameworks */ = {
			isa = PBXShellScriptBuildPhase;
			buildActionMask = 2147483647;
			files = (
			);
			inputFileListPaths = (
				"${PODS_ROOT}/Target Support Files/Pods-JsonPratice/Pods-JsonPratice-frameworks-${CONFIGURATION}-input-files.xcfilelist",
			);
			name = "[CP] Embed Pods Frameworks";
			outputFileListPaths = (
				"${PODS_ROOT}/Target Support Files/Pods-JsonPratice/Pods-JsonPratice-frameworks-${CONFIGURATION}-output-files.xcfilelist",
			);
			runOnlyForDeploymentPostprocessing = 0;
			shellPath = /bin/sh;
			shellScript = "\"${PODS_ROOT}/Target Support Files/Pods-JsonPratice/Pods-JsonPratice-frameworks.sh\"\n";
			showEnvVarsInLog = 0;
		};
		D2A9FC310B2A5A39ADD27C74 /* [CP] Check Pods Manifest.lock */ = {
			isa = PBXShellScriptBuildPhase;
			buildActionMask = 2147483647;
			files = (
			);
			inputFileListPaths = (
			);
			inputPaths = (
				"${PODS_PODFILE_DIR_PATH}/Podfile.lock",
				"${PODS_ROOT}/Manifest.lock",
			);
			name = "[CP] Check Pods Manifest.lock";
			outputFileListPaths = (
			);
			outputPaths = (
				"$(DERIVED_FILE_DIR)/Pods-JsonPratice-checkManifestLockResult.txt",
			);
			runOnlyForDeploymentPostprocessing = 0;
			shellPath = /bin/sh;
			shellScript = "diff \"${PODS_PODFILE_DIR_PATH}/Podfile.lock\" \"${PODS_ROOT}/Manifest.lock\" > /dev/null\nif [ $? != 0 ] ; then\n    # print error to STDERR\n    echo \"error: The sandbox is not in sync with the Podfile.lock. Run 'pod install' or update your CocoaPods installation.\" >&2\n    exit 1\nfi\n# This output is used by Xcode 'outputs' to avoid re-running this script phase.\necho \"SUCCESS\" > \"${SCRIPT_OUTPUT_FILE_0}\"\n";
			showEnvVarsInLog = 0;
		};
/* End PBXShellScriptBuildPhase section */

/* Begin PBXSourcesBuildPhase section */
		89E2DE3E25A75A970072E81A /* Sources */ = {
			isa = PBXSourcesBuildPhase;
			buildActionMask = 2147483647;
			files = (
				89E4A8E725AF48A6005BA523 /* Model.swift in Sources */,
				89E2DE4A25A75A970072E81A /* JsonViewController.swift in Sources */,
				89E2DE4625A75A970072E81A /* AppDelegate.swift in Sources */,
				89D7556325B48646006E2900 /* EmailViewController.swift in Sources */,
			);
			runOnlyForDeploymentPostprocessing = 0;
		};
		89E2DE5425A75A9C0072E81A /* Sources */ = {
			isa = PBXSourcesBuildPhase;
			buildActionMask = 2147483647;
			files = (
				89E2DE5D25A75A9C0072E81A /* JsonPraticeTests.swift in Sources */,
			);
			runOnlyForDeploymentPostprocessing = 0;
		};
		89E2DE5F25A75A9C0072E81A /* Sources */ = {
			isa = PBXSourcesBuildPhase;
			buildActionMask = 2147483647;
			files = (
				89E2DE6825A75A9C0072E81A /* JsonPraticeUITests.swift in Sources */,
			);
			runOnlyForDeploymentPostprocessing = 0;
		};
/* End PBXSourcesBuildPhase section */

/* Begin PBXTargetDependency section */
		89E2DE5A25A75A9C0072E81A /* PBXTargetDependency */ = {
			isa = PBXTargetDependency;
			target = 89E2DE4125A75A970072E81A /* JsonPratice */;
			targetProxy = 89E2DE5925A75A9C0072E81A /* PBXContainerItemProxy */;
		};
		89E2DE6525A75A9C0072E81A /* PBXTargetDependency */ = {
			isa = PBXTargetDependency;
			target = 89E2DE4125A75A970072E81A /* JsonPratice */;
			targetProxy = 89E2DE6425A75A9C0072E81A /* PBXContainerItemProxy */;
		};
/* End PBXTargetDependency section */

/* Begin PBXVariantGroup section */
		89E2DE5025A75A9B0072E81A /* LaunchScreen.storyboard */ = {
			isa = PBXVariantGroup;
			children = (
				89E2DE5125A75A9B0072E81A /* Base */,
			);
			name = LaunchScreen.storyboard;
			sourceTree = "<group>";
		};
/* End PBXVariantGroup section */

/* Begin XCBuildConfiguration section */
		89E2DE6A25A75A9C0072E81A /* Debug */ = {
			isa = XCBuildConfiguration;
			buildSettings = {
				ALWAYS_SEARCH_USER_PATHS = NO;
				CLANG_ANALYZER_NONNULL = YES;
				CLANG_ANALYZER_NUMBER_OBJECT_CONVERSION = YES_AGGRESSIVE;
				CLANG_CXX_LANGUAGE_STANDARD = "gnu++14";
				CLANG_CXX_LIBRARY = "libc++";
				CLANG_ENABLE_MODULES = YES;
				CLANG_ENABLE_OBJC_ARC = YES;
				CLANG_ENABLE_OBJC_WEAK = YES;
				CLANG_WARN_BLOCK_CAPTURE_AUTORELEASING = YES;
				CLANG_WARN_BOOL_CONVERSION = YES;
				CLANG_WARN_COMMA = YES;
				CLANG_WARN_CONSTANT_CONVERSION = YES;
				CLANG_WARN_DEPRECATED_OBJC_IMPLEMENTATIONS = YES;
				CLANG_WARN_DIRECT_OBJC_ISA_USAGE = YES_ERROR;
				CLANG_WARN_DOCUMENTATION_COMMENTS = YES;
				CLANG_WARN_EMPTY_BODY = YES;
				CLANG_WARN_ENUM_CONVERSION = YES;
				CLANG_WARN_INFINITE_RECURSION = YES;
				CLANG_WARN_INT_CONVERSION = YES;
				CLANG_WARN_NON_LITERAL_NULL_CONVERSION = YES;
				CLANG_WARN_OBJC_IMPLICIT_RETAIN_SELF = YES;
				CLANG_WARN_OBJC_LITERAL_CONVERSION = YES;
				CLANG_WARN_OBJC_ROOT_CLASS = YES_ERROR;
				CLANG_WARN_QUOTED_INCLUDE_IN_FRAMEWORK_HEADER = YES;
				CLANG_WARN_RANGE_LOOP_ANALYSIS = YES;
				CLANG_WARN_STRICT_PROTOTYPES = YES;
				CLANG_WARN_SUSPICIOUS_MOVE = YES;
				CLANG_WARN_UNGUARDED_AVAILABILITY = YES_AGGRESSIVE;
				CLANG_WARN_UNREACHABLE_CODE = YES;
				CLANG_WARN__DUPLICATE_METHOD_MATCH = YES;
				COPY_PHASE_STRIP = NO;
				DEBUG_INFORMATION_FORMAT = dwarf;
				ENABLE_STRICT_OBJC_MSGSEND = YES;
				ENABLE_TESTABILITY = YES;
				GCC_C_LANGUAGE_STANDARD = gnu11;
				GCC_DYNAMIC_NO_PIC = NO;
				GCC_NO_COMMON_BLOCKS = YES;
				GCC_OPTIMIZATION_LEVEL = 0;
				GCC_PREPROCESSOR_DEFINITIONS = (
					"DEBUG=1",
					"$(inherited)",
				);
				GCC_WARN_64_TO_32_BIT_CONVERSION = YES;
				GCC_WARN_ABOUT_RETURN_TYPE = YES_ERROR;
				GCC_WARN_UNDECLARED_SELECTOR = YES;
				GCC_WARN_UNINITIALIZED_AUTOS = YES_AGGRESSIVE;
				GCC_WARN_UNUSED_FUNCTION = YES;
				GCC_WARN_UNUSED_VARIABLE = YES;
				IPHONEOS_DEPLOYMENT_TARGET = 14.3;
				MTL_ENABLE_DEBUG_INFO = INCLUDE_SOURCE;
				MTL_FAST_MATH = YES;
				ONLY_ACTIVE_ARCH = YES;
				SDKROOT = iphoneos;
				SWIFT_ACTIVE_COMPILATION_CONDITIONS = DEBUG;
				SWIFT_OPTIMIZATION_LEVEL = "-Onone";
			};
			name = Debug;
		};
		89E2DE6B25A75A9C0072E81A /* Release */ = {
			isa = XCBuildConfiguration;
			buildSettings = {
				ALWAYS_SEARCH_USER_PATHS = NO;
				CLANG_ANALYZER_NONNULL = YES;
				CLANG_ANALYZER_NUMBER_OBJECT_CONVERSION = YES_AGGRESSIVE;
				CLANG_CXX_LANGUAGE_STANDARD = "gnu++14";
				CLANG_CXX_LIBRARY = "libc++";
				CLANG_ENABLE_MODULES = YES;
				CLANG_ENABLE_OBJC_ARC = YES;
				CLANG_ENABLE_OBJC_WEAK = YES;
				CLANG_WARN_BLOCK_CAPTURE_AUTORELEASING = YES;
				CLANG_WARN_BOOL_CONVERSION = YES;
				CLANG_WARN_COMMA = YES;
				CLANG_WARN_CONSTANT_CONVERSION = YES;
				CLANG_WARN_DEPRECATED_OBJC_IMPLEMENTATIONS = YES;
				CLANG_WARN_DIRECT_OBJC_ISA_USAGE = YES_ERROR;
				CLANG_WARN_DOCUMENTATION_COMMENTS = YES;
				CLANG_WARN_EMPTY_BODY = YES;
				CLANG_WARN_ENUM_CONVERSION = YES;
				CLANG_WARN_INFINITE_RECURSION = YES;
				CLANG_WARN_INT_CONVERSION = YES;
				CLANG_WARN_NON_LITERAL_NULL_CONVERSION = YES;
				CLANG_WARN_OBJC_IMPLICIT_RETAIN_SELF = YES;
				CLANG_WARN_OBJC_LITERAL_CONVERSION = YES;
				CLANG_WARN_OBJC_ROOT_CLASS = YES_ERROR;
				CLANG_WARN_QUOTED_INCLUDE_IN_FRAMEWORK_HEADER = YES;
				CLANG_WARN_RANGE_LOOP_ANALYSIS = YES;
				CLANG_WARN_STRICT_PROTOTYPES = YES;
				CLANG_WARN_SUSPICIOUS_MOVE = YES;
				CLANG_WARN_UNGUARDED_AVAILABILITY = YES_AGGRESSIVE;
				CLANG_WARN_UNREACHABLE_CODE = YES;
				CLANG_WARN__DUPLICATE_METHOD_MATCH = YES;
				COPY_PHASE_STRIP = NO;
				DEBUG_INFORMATION_FORMAT = "dwarf-with-dsym";
				ENABLE_NS_ASSERTIONS = NO;
				ENABLE_STRICT_OBJC_MSGSEND = YES;
				GCC_C_LANGUAGE_STANDARD = gnu11;
				GCC_NO_COMMON_BLOCKS = YES;
				GCC_WARN_64_TO_32_BIT_CONVERSION = YES;
				GCC_WARN_ABOUT_RETURN_TYPE = YES_ERROR;
				GCC_WARN_UNDECLARED_SELECTOR = YES;
				GCC_WARN_UNINITIALIZED_AUTOS = YES_AGGRESSIVE;
				GCC_WARN_UNUSED_FUNCTION = YES;
				GCC_WARN_UNUSED_VARIABLE = YES;
				IPHONEOS_DEPLOYMENT_TARGET = 14.3;
				MTL_ENABLE_DEBUG_INFO = NO;
				MTL_FAST_MATH = YES;
				SDKROOT = iphoneos;
				SWIFT_COMPILATION_MODE = wholemodule;
				SWIFT_OPTIMIZATION_LEVEL = "-O";
				VALIDATE_PRODUCT = YES;
			};
			name = Release;
		};
		89E2DE6D25A75A9C0072E81A /* Debug */ = {
			isa = XCBuildConfiguration;
			baseConfigurationReference = A20234A9CDD4A436AD408B82 /* Pods-JsonPratice.debug.xcconfig */;
			buildSettings = {
				ASSETCATALOG_COMPILER_APPICON_NAME = AppIcon;
				ASSETCATALOG_COMPILER_GLOBAL_ACCENT_COLOR_NAME = AccentColor;
				CODE_SIGN_STYLE = Automatic;
				DEVELOPMENT_TEAM = F74ZP5FC2A;
				INFOPLIST_FILE = JsonPratice/Info.plist;
				LD_RUNPATH_SEARCH_PATHS = (
					"$(inherited)",
					"@executable_path/Frameworks",
				);
				PRODUCT_BUNDLE_IDENTIFIER = ntu.JsonPratice;
				PRODUCT_NAME = "$(TARGET_NAME)";
				SWIFT_VERSION = 5.0;
				TARGETED_DEVICE_FAMILY = "1,2";
			};
			name = Debug;
		};
		89E2DE6E25A75A9C0072E81A /* Release */ = {
			isa = XCBuildConfiguration;
			baseConfigurationReference = 2508216796DF6C50BF13AEE1 /* Pods-JsonPratice.release.xcconfig */;
			buildSettings = {
				ASSETCATALOG_COMPILER_APPICON_NAME = AppIcon;
				ASSETCATALOG_COMPILER_GLOBAL_ACCENT_COLOR_NAME = AccentColor;
				CODE_SIGN_STYLE = Automatic;
				DEVELOPMENT_TEAM = F74ZP5FC2A;
				INFOPLIST_FILE = JsonPratice/Info.plist;
				LD_RUNPATH_SEARCH_PATHS = (
					"$(inherited)",
					"@executable_path/Frameworks",
				);
				PRODUCT_BUNDLE_IDENTIFIER = ntu.JsonPratice;
				PRODUCT_NAME = "$(TARGET_NAME)";
				SWIFT_VERSION = 5.0;
				TARGETED_DEVICE_FAMILY = "1,2";
			};
			name = Release;
		};
		89E2DE7025A75A9C0072E81A /* Debug */ = {
			isa = XCBuildConfiguration;
			buildSettings = {
				ALWAYS_EMBED_SWIFT_STANDARD_LIBRARIES = YES;
				BUNDLE_LOADER = "$(TEST_HOST)";
				CODE_SIGN_STYLE = Automatic;
				DEVELOPMENT_TEAM = F74ZP5FC2A;
				INFOPLIST_FILE = JsonPraticeTests/Info.plist;
				IPHONEOS_DEPLOYMENT_TARGET = 14.3;
				LD_RUNPATH_SEARCH_PATHS = (
					"$(inherited)",
					"@executable_path/Frameworks",
					"@loader_path/Frameworks",
				);
				PRODUCT_BUNDLE_IDENTIFIER = ntu.JsonPraticeTests;
				PRODUCT_NAME = "$(TARGET_NAME)";
				SWIFT_VERSION = 5.0;
				TARGETED_DEVICE_FAMILY = "1,2";
				TEST_HOST = "$(BUILT_PRODUCTS_DIR)/JsonPratice.app/JsonPratice";
			};
			name = Debug;
		};
		89E2DE7125A75A9C0072E81A /* Release */ = {
			isa = XCBuildConfiguration;
			buildSettings = {
				ALWAYS_EMBED_SWIFT_STANDARD_LIBRARIES = YES;
				BUNDLE_LOADER = "$(TEST_HOST)";
				CODE_SIGN_STYLE = Automatic;
				DEVELOPMENT_TEAM = F74ZP5FC2A;
				INFOPLIST_FILE = JsonPraticeTests/Info.plist;
				IPHONEOS_DEPLOYMENT_TARGET = 14.3;
				LD_RUNPATH_SEARCH_PATHS = (
					"$(inherited)",
					"@executable_path/Frameworks",
					"@loader_path/Frameworks",
				);
				PRODUCT_BUNDLE_IDENTIFIER = ntu.JsonPraticeTests;
				PRODUCT_NAME = "$(TARGET_NAME)";
				SWIFT_VERSION = 5.0;
				TARGETED_DEVICE_FAMILY = "1,2";
				TEST_HOST = "$(BUILT_PRODUCTS_DIR)/JsonPratice.app/JsonPratice";
			};
			name = Release;
		};
		89E2DE7325A75A9C0072E81A /* Debug */ = {
			isa = XCBuildConfiguration;
			buildSettings = {
				ALWAYS_EMBED_SWIFT_STANDARD_LIBRARIES = YES;
				CODE_SIGN_STYLE = Automatic;
				DEVELOPMENT_TEAM = F74ZP5FC2A;
				INFOPLIST_FILE = JsonPraticeUITests/Info.plist;
				LD_RUNPATH_SEARCH_PATHS = (
					"$(inherited)",
					"@executable_path/Frameworks",
					"@loader_path/Frameworks",
				);
				PRODUCT_BUNDLE_IDENTIFIER = ntu.JsonPraticeUITests;
				PRODUCT_NAME = "$(TARGET_NAME)";
				SWIFT_VERSION = 5.0;
				TARGETED_DEVICE_FAMILY = "1,2";
				TEST_TARGET_NAME = JsonPratice;
			};
			name = Debug;
		};
		89E2DE7425A75A9C0072E81A /* Release */ = {
			isa = XCBuildConfiguration;
			buildSettings = {
				ALWAYS_EMBED_SWIFT_STANDARD_LIBRARIES = YES;
				CODE_SIGN_STYLE = Automatic;
				DEVELOPMENT_TEAM = F74ZP5FC2A;
				INFOPLIST_FILE = JsonPraticeUITests/Info.plist;
				LD_RUNPATH_SEARCH_PATHS = (
					"$(inherited)",
					"@executable_path/Frameworks",
					"@loader_path/Frameworks",
				);
				PRODUCT_BUNDLE_IDENTIFIER = ntu.JsonPraticeUITests;
				PRODUCT_NAME = "$(TARGET_NAME)";
				SWIFT_VERSION = 5.0;
				TARGETED_DEVICE_FAMILY = "1,2";
				TEST_TARGET_NAME = JsonPratice;
			};
			name = Release;
		};
/* End XCBuildConfiguration section */

/* Begin XCConfigurationList section */
		89E2DE3D25A75A970072E81A /* Build configuration list for PBXProject "JsonPratice" */ = {
			isa = XCConfigurationList;
			buildConfigurations = (
				89E2DE6A25A75A9C0072E81A /* Debug */,
				89E2DE6B25A75A9C0072E81A /* Release */,
			);
			defaultConfigurationIsVisible = 0;
			defaultConfigurationName = Release;
		};
		89E2DE6C25A75A9C0072E81A /* Build configuration list for PBXNativeTarget "JsonPratice" */ = {
			isa = XCConfigurationList;
			buildConfigurations = (
				89E2DE6D25A75A9C0072E81A /* Debug */,
				89E2DE6E25A75A9C0072E81A /* Release */,
			);
			defaultConfigurationIsVisible = 0;
			defaultConfigurationName = Release;
		};
		89E2DE6F25A75A9C0072E81A /* Build configuration list for PBXNativeTarget "JsonPraticeTests" */ = {
			isa = XCConfigurationList;
			buildConfigurations = (
				89E2DE7025A75A9C0072E81A /* Debug */,
				89E2DE7125A75A9C0072E81A /* Release */,
			);
			defaultConfigurationIsVisible = 0;
			defaultConfigurationName = Release;
		};
		89E2DE7225A75A9C0072E81A /* Build configuration list for PBXNativeTarget "JsonPraticeUITests" */ = {
			isa = XCConfigurationList;
			buildConfigurations = (
				89E2DE7325A75A9C0072E81A /* Debug */,
				89E2DE7425A75A9C0072E81A /* Release */,
			);
			defaultConfigurationIsVisible = 0;
			defaultConfigurationName = Release;
		};
/* End XCConfigurationList section */
	};
	rootObject = 89E2DE3A25A75A970072E81A /* Project object */;
}
